
Microsoft Visual Studio Solution File, Format Version 12.00
# Visual Studio Version 17
VisualStudioVersion = 17.9.34701.34
MinimumVisualStudioVersion = 10.0.40219.1
Project("{FAE04EC0-301F-11D3-BF4B-00C04F79EFBC}") = "ContractMonthlyClaimSystem", "ContractMonthlyClaimSystem\ContractMonthlyClaimSystem.csproj", "{E27FD5B0-8417-4E48-B8D4-A4D5D3E5BD80}"
EndProject
Global
	GlobalSection(SolutionConfigurationPlatforms) = preSolution
		Debug|Any CPU = Debug|Any CPU
		Release|Any CPU = Release|Any CPU
	EndGlobalSection
	GlobalSection(ProjectConfigurationPlatforms) = postSolution
		{E27FD5B0-8417-4E48-B8D4-A4D5D3E5BD80}.Debug|Any CPU.ActiveCfg = Debug|Any CPU
		{E27FD5B0-8417-4E48-B8D4-A4D5D3E5BD80}.Debug|Any CPU.Build.0 = Debug|Any CPU
		{E27FD5B0-8417-4E48-B8D4-A4D5D3E5BD80}.Release|Any CPU.ActiveCfg = Release|Any CPU
		{E27FD5B0-8417-4E48-B8D4-A4D5D3E5BD80}.Release|Any CPU.Build.0 = Release|Any CPU
	EndGlobalSection
	GlobalSection(SolutionProperties) = preSolution
		HideSolutionNode = FALSE
	EndGlobalSection
	GlobalSection(ExtensibilityGlobals) = postSolution
		SolutionGuid = {384E7704-F7D2-4D29-B98F-24BFBF9163B2}
	EndGlobalSection
EndGlobal
